
Microsoft Visual Studio Solution File, Format Version 12.00
# Visual Studio Version 17
VisualStudioVersion = 17.5.33516.290
MinimumVisualStudioVersion = 10.0.40219.1
Project("{9A19103F-16F7-4668-BE54-9A1E7A4F7556}") = "DotOrmCli", "DotOrmCli\DotOrmCli.csproj", "{CFD800A8-CD2A-4C98-8083-689B31FCE2AA}"
EndProject
Project("{9A19103F-16F7-4668-BE54-9A1E7A4F7556}") = "DotOrmLib", "DotOrmLib\DotOrmLib.csproj", "{5315A802-185D-4D3A-AEB2-F2528DE2039E}"
EndProject
Project("{9A19103F-16F7-4668-BE54-9A1E7A4F7556}") = "DotOrmTestModels", "DotOrmTestModels\DotOrmTestModels.csproj", "{0170E03D-3724-46D3-A17A-AC7DA7AFC6DC}"
EndProject
Project("{9A19103F-16F7-4668-BE54-9A1E7A4F7556}") = "DotOrmEf", "DotOrmEf\DotOrmEf.csproj", "{49510846-3269-49DC-9AC0-62AFE629C051}"
EndProject
Project("{9A19103F-16F7-4668-BE54-9A1E7A4F7556}") = "DotOrmGrpcServer", "DotOrmGrpcServer\DotOrmGrpcServer.csproj", "{F8CCEFD9-5B51-4F25-BE0A-AF49B7076BC1}"
EndProject
Project("{9A19103F-16F7-4668-BE54-9A1E7A4F7556}") = "DotOrmGrpcClient", "DotOrmGrpcClient\DotOrmGrpcClient.csproj", "{80E05A3B-BFDF-4122-BDA2-10C095910E70}"
EndProject
Project("{9A19103F-16F7-4668-BE54-9A1E7A4F7556}") = "DotOrmLibTests", "DotOrmLibTests\DotOrmLibTests.csproj", "{BFCD33CA-6BEC-4611-8279-E520BAD07272}"
EndProject
Project("{2150E333-8FDC-42A3-9474-1A3956D46DE8}") = "DotRpc", "DotRpc", "{8D255B68-2B46-4898-8CD6-D252988BFCDD}"
EndProject
Project("{9A19103F-16F7-4668-BE54-9A1E7A4F7556}") = "DotRpc", "DotRpc\DotRpc.csproj", "{48F4B704-966F-4EA9-8B5E-790DA0F5BF5D}"
EndProject
Project("{9A19103F-16F7-4668-BE54-9A1E7A4F7556}") = "DotRpc.TestServer", "DotRpc.TestServer\DotRpc.TestServer.csproj", "{248F5BA8-76EE-4CBC-9E9F-6FCCE7586437}"
EndProject
Project("{9A19103F-16F7-4668-BE54-9A1E7A4F7556}") = "DotRpc.TestClient", "DotRpc.TestClient\DotRpc.TestClient.csproj", "{AE168515-4018-4D94-9F7B-A7900316DD2B}"
EndProject
Project("{9A19103F-16F7-4668-BE54-9A1E7A4F7556}") = "DotRpc.TestCommon", "DotRpc.TestCommon\DotRpc.TestCommon.csproj", "{61A2050C-3F76-4773-B001-35599D5C2CFD}"
EndProject
Project("{9A19103F-16F7-4668-BE54-9A1E7A4F7556}") = "DotRpcTests", "DotRpcTests\DotRpcTests.csproj", "{00138BC9-338C-48C1-82AC-4935601CE3A7}"
EndProject
Project("{2150E333-8FDC-42A3-9474-1A3956D46DE8}") = "Swagger", "Swagger", "{39B42478-5957-4458-B2C7-56FAA1B61CE2}"
EndProject
Project("{9A19103F-16F7-4668-BE54-9A1E7A4F7556}") = "Swashbuckle.AspNetCore", "..\..\Swashbuckle.AspNetCore\src\Swashbuckle.AspNetCore\Swashbuckle.AspNetCore.csproj", "{C03DA5A8-E16E-4EDF-8C4B-893AF69ED9E8}"
EndProject
Project("{9A19103F-16F7-4668-BE54-9A1E7A4F7556}") = "Swashbuckle.AspNetCore.SwaggerGen", "..\..\Swashbuckle.AspNetCore\src\Swashbuckle.AspNetCore.SwaggerGen\Swashbuckle.AspNetCore.SwaggerGen.csproj", "{AEE3B1AC-AAC9-48F5-A372-8218D4862049}"
EndProject
Project("{9A19103F-16F7-4668-BE54-9A1E7A4F7556}") = "Swashbuckle.AspNetCore.SwaggerUI", "..\..\Swashbuckle.AspNetCore\src\Swashbuckle.AspNetCore.SwaggerUI\Swashbuckle.AspNetCore.SwaggerUI.csproj", "{A3DA5FC1-0FC3-4DA3-BFD0-4A5AE9FD6B4A}"
EndProject
Global
	GlobalSection(SolutionConfigurationPlatforms) = preSolution
		Debug|Any CPU = Debug|Any CPU
		Release|Any CPU = Release|Any CPU
	EndGlobalSection
	GlobalSection(ProjectConfigurationPlatforms) = postSolution
		{CFD800A8-CD2A-4C98-8083-689B31FCE2AA}.Debug|Any CPU.ActiveCfg = Debug|Any CPU
		{CFD800A8-CD2A-4C98-8083-689B31FCE2AA}.Debug|Any CPU.Build.0 = Debug|Any CPU
		{CFD800A8-CD2A-4C98-8083-689B31FCE2AA}.Release|Any CPU.ActiveCfg = Release|Any CPU
		{CFD800A8-CD2A-4C98-8083-689B31FCE2AA}.Release|Any CPU.Build.0 = Release|Any CPU
		{5315A802-185D-4D3A-AEB2-F2528DE2039E}.Debug|Any CPU.ActiveCfg = Debug|Any CPU
		{5315A802-185D-4D3A-AEB2-F2528DE2039E}.Debug|Any CPU.Build.0 = Debug|Any CPU
		{5315A802-185D-4D3A-AEB2-F2528DE2039E}.Release|Any CPU.ActiveCfg = Release|Any CPU
		{5315A802-185D-4D3A-AEB2-F2528DE2039E}.Release|Any CPU.Build.0 = Release|Any CPU
		{0170E03D-3724-46D3-A17A-AC7DA7AFC6DC}.Debug|Any CPU.ActiveCfg = Debug|Any CPU
		{0170E03D-3724-46D3-A17A-AC7DA7AFC6DC}.Debug|Any CPU.Build.0 = Debug|Any CPU
		{0170E03D-3724-46D3-A17A-AC7DA7AFC6DC}.Release|Any CPU.ActiveCfg = Release|Any CPU
		{0170E03D-3724-46D3-A17A-AC7DA7AFC6DC}.Release|Any CPU.Build.0 = Release|Any CPU
		{49510846-3269-49DC-9AC0-62AFE629C051}.Debug|Any CPU.ActiveCfg = Debug|Any CPU
		{49510846-3269-49DC-9AC0-62AFE629C051}.Debug|Any CPU.Build.0 = Debug|Any CPU
		{49510846-3269-49DC-9AC0-62AFE629C051}.Release|Any CPU.ActiveCfg = Release|Any CPU
		{49510846-3269-49DC-9AC0-62AFE629C051}.Release|Any CPU.Build.0 = Release|Any CPU
		{F8CCEFD9-5B51-4F25-BE0A-AF49B7076BC1}.Debug|Any CPU.ActiveCfg = Debug|Any CPU
		{F8CCEFD9-5B51-4F25-BE0A-AF49B7076BC1}.Debug|Any CPU.Build.0 = Debug|Any CPU
		{F8CCEFD9-5B51-4F25-BE0A-AF49B7076BC1}.Release|Any CPU.ActiveCfg = Release|Any CPU
		{F8CCEFD9-5B51-4F25-BE0A-AF49B7076BC1}.Release|Any CPU.Build.0 = Release|Any CPU
		{80E05A3B-BFDF-4122-BDA2-10C095910E70}.Debug|Any CPU.ActiveCfg = Debug|Any CPU
		{80E05A3B-BFDF-4122-BDA2-10C095910E70}.Debug|Any CPU.Build.0 = Debug|Any CPU
		{80E05A3B-BFDF-4122-BDA2-10C095910E70}.Release|Any CPU.ActiveCfg = Release|Any CPU
		{80E05A3B-BFDF-4122-BDA2-10C095910E70}.Release|Any CPU.Build.0 = Release|Any CPU
		{BFCD33CA-6BEC-4611-8279-E520BAD07272}.Debug|Any CPU.ActiveCfg = Debug|Any CPU
		{BFCD33CA-6BEC-4611-8279-E520BAD07272}.Debug|Any CPU.Build.0 = Debug|Any CPU
		{BFCD33CA-6BEC-4611-8279-E520BAD07272}.Release|Any CPU.ActiveCfg = Release|Any CPU
		{BFCD33CA-6BEC-4611-8279-E520BAD07272}.Release|Any CPU.Build.0 = Release|Any CPU
		{48F4B704-966F-4EA9-8B5E-790DA0F5BF5D}.Debug|Any CPU.ActiveCfg = Debug|Any CPU
		{48F4B704-966F-4EA9-8B5E-790DA0F5BF5D}.Debug|Any CPU.Build.0 = Debug|Any CPU
		{48F4B704-966F-4EA9-8B5E-790DA0F5BF5D}.Release|Any CPU.ActiveCfg = Release|Any CPU
		{48F4B704-966F-4EA9-8B5E-790DA0F5BF5D}.Release|Any CPU.Build.0 = Release|Any CPU
		{248F5BA8-76EE-4CBC-9E9F-6FCCE7586437}.Debug|Any CPU.ActiveCfg = Debug|Any CPU
		{248F5BA8-76EE-4CBC-9E9F-6FCCE7586437}.Debug|Any CPU.Build.0 = Debug|Any CPU
		{248F5BA8-76EE-4CBC-9E9F-6FCCE7586437}.Release|Any CPU.ActiveCfg = Release|Any CPU
		{248F5BA8-76EE-4CBC-9E9F-6FCCE7586437}.Release|Any CPU.Build.0 = Release|Any CPU
		{AE168515-4018-4D94-9F7B-A7900316DD2B}.Debug|Any CPU.ActiveCfg = Debug|Any CPU
		{AE168515-4018-4D94-9F7B-A7900316DD2B}.Debug|Any CPU.Build.0 = Debug|Any CPU
		{AE168515-4018-4D94-9F7B-A7900316DD2B}.Release|Any CPU.ActiveCfg = Release|Any CPU
		{AE168515-4018-4D94-9F7B-A7900316DD2B}.Release|Any CPU.Build.0 = Release|Any CPU
		{61A2050C-3F76-4773-B001-35599D5C2CFD}.Debug|Any CPU.ActiveCfg = Debug|Any CPU
		{61A2050C-3F76-4773-B001-35599D5C2CFD}.Debug|Any CPU.Build.0 = Debug|Any CPU
		{61A2050C-3F76-4773-B001-35599D5C2CFD}.Release|Any CPU.ActiveCfg = Release|Any CPU
		{61A2050C-3F76-4773-B001-35599D5C2CFD}.Release|Any CPU.Build.0 = Release|Any CPU
		{00138BC9-338C-48C1-82AC-4935601CE3A7}.Debug|Any CPU.ActiveCfg = Debug|Any CPU
		{00138BC9-338C-48C1-82AC-4935601CE3A7}.Debug|Any CPU.Build.0 = Debug|Any CPU
		{00138BC9-338C-48C1-82AC-4935601CE3A7}.Release|Any CPU.ActiveCfg = Release|Any CPU
		{00138BC9-338C-48C1-82AC-4935601CE3A7}.Release|Any CPU.Build.0 = Release|Any CPU
		{C03DA5A8-E16E-4EDF-8C4B-893AF69ED9E8}.Debug|Any CPU.ActiveCfg = Debug|Any CPU
		{C03DA5A8-E16E-4EDF-8C4B-893AF69ED9E8}.Debug|Any CPU.Build.0 = Debug|Any CPU
		{C03DA5A8-E16E-4EDF-8C4B-893AF69ED9E8}.Release|Any CPU.ActiveCfg = Release|Any CPU
		{C03DA5A8-E16E-4EDF-8C4B-893AF69ED9E8}.Release|Any CPU.Build.0 = Release|Any CPU
		{AEE3B1AC-AAC9-48F5-A372-8218D4862049}.Debug|Any CPU.ActiveCfg = Debug|Any CPU
		{AEE3B1AC-AAC9-48F5-A372-8218D4862049}.Debug|Any CPU.Build.0 = Debug|Any CPU
		{AEE3B1AC-AAC9-48F5-A372-8218D4862049}.Release|Any CPU.ActiveCfg = Release|Any CPU
		{AEE3B1AC-AAC9-48F5-A372-8218D4862049}.Release|Any CPU.Build.0 = Release|Any CPU
		{A3DA5FC1-0FC3-4DA3-BFD0-4A5AE9FD6B4A}.Debug|Any CPU.ActiveCfg = Debug|Any CPU
		{A3DA5FC1-0FC3-4DA3-BFD0-4A5AE9FD6B4A}.Debug|Any CPU.Build.0 = Debug|Any CPU
		{A3DA5FC1-0FC3-4DA3-BFD0-4A5AE9FD6B4A}.Release|Any CPU.ActiveCfg = Release|Any CPU
		{A3DA5FC1-0FC3-4DA3-BFD0-4A5AE9FD6B4A}.Release|Any CPU.Build.0 = Release|Any CPU
	EndGlobalSection
	GlobalSection(SolutionProperties) = preSolution
		HideSolutionNode = FALSE
	EndGlobalSection
	GlobalSection(NestedProjects) = preSolution
		{48F4B704-966F-4EA9-8B5E-790DA0F5BF5D} = {8D255B68-2B46-4898-8CD6-D252988BFCDD}
		{248F5BA8-76EE-4CBC-9E9F-6FCCE7586437} = {8D255B68-2B46-4898-8CD6-D252988BFCDD}
		{AE168515-4018-4D94-9F7B-A7900316DD2B} = {8D255B68-2B46-4898-8CD6-D252988BFCDD}
		{61A2050C-3F76-4773-B001-35599D5C2CFD} = {8D255B68-2B46-4898-8CD6-D252988BFCDD}
		{C03DA5A8-E16E-4EDF-8C4B-893AF69ED9E8} = {39B42478-5957-4458-B2C7-56FAA1B61CE2}
		{AEE3B1AC-AAC9-48F5-A372-8218D4862049} = {39B42478-5957-4458-B2C7-56FAA1B61CE2}
		{A3DA5FC1-0FC3-4DA3-BFD0-4A5AE9FD6B4A} = {39B42478-5957-4458-B2C7-56FAA1B61CE2}
	EndGlobalSection
	GlobalSection(ExtensibilityGlobals) = postSolution
		SolutionGuid = {93D796BD-25EB-4C59-AF72-4E7B1ED79C9F}
	EndGlobalSection
EndGlobal
